
Microsoft Visual Studio Solution File, Format Version 12.00
# Visual Studio Version 16
VisualStudioVersion = 16.0.31729.503
MinimumVisualStudioVersion = 10.0.40219.1
Project("{FAE04EC0-301F-11D3-BF4B-00C04F79EFBC}") = "Q1", "Q1\Q1.csproj", "{820713B7-948B-4972-B994-39025BC54AD0}"
EndProject
Global
	GlobalSection(SolutionConfigurationPlatforms) = preSolution
		Debug|Any CPU = Debug|Any CPU
		Release|Any CPU = Release|Any CPU
	EndGlobalSection
	GlobalSection(ProjectConfigurationPlatforms) = postSolution
		{820713B7-948B-4972-B994-39025BC54AD0}.Debug|Any CPU.ActiveCfg = Debug|Any CPU
		{820713B7-948B-4972-B994-39025BC54AD0}.Debug|Any CPU.Build.0 = Debug|Any CPU
		{820713B7-948B-4972-B994-39025BC54AD0}.Release|Any CPU.ActiveCfg = Release|Any CPU
		{820713B7-948B-4972-B994-39025BC54AD0}.Release|Any CPU.Build.0 = Release|Any CPU
	EndGlobalSection
	GlobalSection(SolutionProperties) = preSolution
		HideSolutionNode = FALSE
	EndGlobalSection
	GlobalSection(ExtensibilityGlobals) = postSolution
		SolutionGuid = {A5BA3142-9378-455F-BD3B-30C7AEA567E7}
	EndGlobalSection
EndGlobal
